
Microsoft Visual Studio Solution File, Format Version 12.00
Project("{FAE04EC0-301F-11D3-BF4B-00C04F79EFBC}") = "ItemsService", "src\ItemsService\ItemsService.csproj", "{319FC723-2642-4A73-9E70-7DEFF2B19A22}"
EndProject
Project("{2150E333-8FDC-42A3-9474-1A3956D46DE8}") = "src", "src", "{E9D23080-09CF-4B8F-8645-DAB5705421C4}"
EndProject
Project("{FAE04EC0-301F-11D3-BF4B-00C04F79EFBC}") = "Domain", "src\Domain\Domain.csproj", "{9B2E65E4-9CAB-4A57-9589-EFB8ADFF5F3A}"
EndProject
Project("{FAE04EC0-301F-11D3-BF4B-00C04F79EFBC}") = "ItemsWebApp", "src\ItemsWebApp\ItemsWebApp.csproj", "{8125261E-B4CE-43C2-807B-C9DEBF2B5D4B}"
EndProject
Global
	GlobalSection(SolutionConfigurationPlatforms) = preSolution
		Debug|Any CPU = Debug|Any CPU
		Release|Any CPU = Release|Any CPU
	EndGlobalSection
	GlobalSection(ProjectConfigurationPlatforms) = postSolution
		{319FC723-2642-4A73-9E70-7DEFF2B19A22}.Debug|Any CPU.ActiveCfg = Debug|Any CPU
		{319FC723-2642-4A73-9E70-7DEFF2B19A22}.Debug|Any CPU.Build.0 = Debug|Any CPU
		{319FC723-2642-4A73-9E70-7DEFF2B19A22}.Release|Any CPU.ActiveCfg = Release|Any CPU
		{319FC723-2642-4A73-9E70-7DEFF2B19A22}.Release|Any CPU.Build.0 = Release|Any CPU
		{9B2E65E4-9CAB-4A57-9589-EFB8ADFF5F3A}.Debug|Any CPU.ActiveCfg = Debug|Any CPU
		{9B2E65E4-9CAB-4A57-9589-EFB8ADFF5F3A}.Debug|Any CPU.Build.0 = Debug|Any CPU
		{9B2E65E4-9CAB-4A57-9589-EFB8ADFF5F3A}.Release|Any CPU.ActiveCfg = Release|Any CPU
		{9B2E65E4-9CAB-4A57-9589-EFB8ADFF5F3A}.Release|Any CPU.Build.0 = Release|Any CPU
		{8125261E-B4CE-43C2-807B-C9DEBF2B5D4B}.Debug|Any CPU.ActiveCfg = Debug|Any CPU
		{8125261E-B4CE-43C2-807B-C9DEBF2B5D4B}.Debug|Any CPU.Build.0 = Debug|Any CPU
		{8125261E-B4CE-43C2-807B-C9DEBF2B5D4B}.Release|Any CPU.ActiveCfg = Release|Any CPU
		{8125261E-B4CE-43C2-807B-C9DEBF2B5D4B}.Release|Any CPU.Build.0 = Release|Any CPU
	EndGlobalSection
	GlobalSection(NestedProjects) = preSolution
		{319FC723-2642-4A73-9E70-7DEFF2B19A22} = {E9D23080-09CF-4B8F-8645-DAB5705421C4}
		{9B2E65E4-9CAB-4A57-9589-EFB8ADFF5F3A} = {E9D23080-09CF-4B8F-8645-DAB5705421C4}
		{8125261E-B4CE-43C2-807B-C9DEBF2B5D4B} = {E9D23080-09CF-4B8F-8645-DAB5705421C4}
	EndGlobalSection
EndGlobal
